
Microsoft Visual Studio Solution File, Format Version 12.00
# Visual Studio Version 16
VisualStudioVersion = 16.0.29613.14
MinimumVisualStudioVersion = 10.0.40219.1
Project("{9A19103F-16F7-4668-BE54-9A1E7A4F7556}") = "GameAPI", "src\GameAPI\GameAPI.csproj", "{751DB314-33A9-423C-B7FA-6D6FB3E527D6}"
EndProject
Project("{FAE04EC0-301F-11D3-BF4B-00C04F79EFBC}") = "GameAPI.Tasks", "src\GameAPI.Tasks\GameAPI.Tasks.csproj", "{5EFF1276-E38C-43ED-92D5-8F41EAEB08D9}"
EndProject
Project("{FAE04EC0-301F-11D3-BF4B-00C04F79EFBC}") = "GameAPI.Async", "src\GameAPI.Async\GameAPI.Async.csproj", "{ECCE599A-896C-4D02-A849-1CC7116ABB53}"
EndProject
Global
	GlobalSection(SolutionConfigurationPlatforms) = preSolution
		Debug|Any CPU = Debug|Any CPU
		Release|Any CPU = Release|Any CPU
	EndGlobalSection
	GlobalSection(ProjectConfigurationPlatforms) = postSolution
		{751DB314-33A9-423C-B7FA-6D6FB3E527D6}.Debug|Any CPU.ActiveCfg = Debug|Any CPU
		{751DB314-33A9-423C-B7FA-6D6FB3E527D6}.Debug|Any CPU.Build.0 = Debug|Any CPU
		{751DB314-33A9-423C-B7FA-6D6FB3E527D6}.Release|Any CPU.ActiveCfg = Release|Any CPU
		{751DB314-33A9-423C-B7FA-6D6FB3E527D6}.Release|Any CPU.Build.0 = Release|Any CPU
		{5EFF1276-E38C-43ED-92D5-8F41EAEB08D9}.Debug|Any CPU.ActiveCfg = Debug|Any CPU
		{5EFF1276-E38C-43ED-92D5-8F41EAEB08D9}.Debug|Any CPU.Build.0 = Debug|Any CPU
		{5EFF1276-E38C-43ED-92D5-8F41EAEB08D9}.Release|Any CPU.ActiveCfg = Release|Any CPU
		{5EFF1276-E38C-43ED-92D5-8F41EAEB08D9}.Release|Any CPU.Build.0 = Release|Any CPU
		{ECCE599A-896C-4D02-A849-1CC7116ABB53}.Debug|Any CPU.ActiveCfg = Debug|Any CPU
		{ECCE599A-896C-4D02-A849-1CC7116ABB53}.Debug|Any CPU.Build.0 = Debug|Any CPU
		{ECCE599A-896C-4D02-A849-1CC7116ABB53}.Release|Any CPU.ActiveCfg = Release|Any CPU
		{ECCE599A-896C-4D02-A849-1CC7116ABB53}.Release|Any CPU.Build.0 = Release|Any CPU
	EndGlobalSection
	GlobalSection(SolutionProperties) = preSolution
		HideSolutionNode = FALSE
	EndGlobalSection
	GlobalSection(ExtensibilityGlobals) = postSolution
		SolutionGuid = {8C4B3E78-0F5B-4E4A-BE6A-B6B6949815EC}
	EndGlobalSection
EndGlobal
